{
  "name": "examples",
  "version": "1.0.0",
  "lockfileVersion": 2,
  "requires": true,
  "packages": {
    "": {
      "version": "1.0.0",
      "license": "ISC",
      "dependencies": {
        "crude-dev-tools": "^1.0.5"
      }
    },
    "node_modules/crude-dev-tools": {
      "version": "1.0.5",
      "resolved": "https://registry.npmjs.org/crude-dev-tools/-/crude-dev-tools-1.0.5.tgz",
      "integrity": "sha512-95zPPtFCFy0ChSfOv33X5OmSrI+Muh25YZ/ndoo1vd0lCWSDqNvJsu3TAzqtWLsljaPR8KCJmjiThRpEhR1IbA=="
    }
  },
  "dependencies": {
    "crude-dev-tools": {
      "version": "1.0.5",
      "resolved": "https://registry.npmjs.org/crude-dev-tools/-/crude-dev-tools-1.0.5.tgz",
      "integrity": "sha512-95zPPtFCFy0ChSfOv33X5OmSrI+Muh25YZ/ndoo1vd0lCWSDqNvJsu3TAzqtWLsljaPR8KCJmjiThRpEhR1IbA=="
    }
  }
}
