{
  "name": "examples",
  "version": "1.0.0",
  "lockfileVersion": 2,
  "requires": true,
  "packages": {
    "": {
      "version": "1.0.0",
      "license": "ISC",
      "dependencies": {
        "crude-dev-tools": "^1.0.1"
      }
    },
    "node_modules/crude-dev-tools": {
      "version": "1.0.1",
      "resolved": "https://registry.npmjs.org/crude-dev-tools/-/crude-dev-tools-1.0.1.tgz",
      "integrity": "sha512-7dTlxDzUfaaAzfdU6yn6uUoUGfIdn+Xfi9RDkJt+BCQbwlskn0Uu6LTfWNG86wtEHHFrqXcOv2chIcOAgxgnUg==",
      "dependencies": {
        "figlet-promises": "^1.0.1"
      }
    },
    "node_modules/figlet-promises": {
      "version": "1.0.1",
      "resolved": "https://registry.npmjs.org/figlet-promises/-/figlet-promises-1.0.1.tgz",
      "integrity": "sha512-mLa4KnGLe1v+BXPdxtImqAMkqS3ENxtaLlOAEm1CDQLO6uBuw4dqUCiNEmNKj7ejX8GvJhBeHmFkqPJPmx0rZg=="
    }
  },
  "dependencies": {
    "crude-dev-tools": {
      "version": "1.0.1",
      "resolved": "https://registry.npmjs.org/crude-dev-tools/-/crude-dev-tools-1.0.1.tgz",
      "integrity": "sha512-7dTlxDzUfaaAzfdU6yn6uUoUGfIdn+Xfi9RDkJt+BCQbwlskn0Uu6LTfWNG86wtEHHFrqXcOv2chIcOAgxgnUg==",
      "requires": {
        "figlet-promises": "^1.0.1"
      }
    },
    "figlet-promises": {
      "version": "1.0.1",
      "resolved": "https://registry.npmjs.org/figlet-promises/-/figlet-promises-1.0.1.tgz",
      "integrity": "sha512-mLa4KnGLe1v+BXPdxtImqAMkqS3ENxtaLlOAEm1CDQLO6uBuw4dqUCiNEmNKj7ejX8GvJhBeHmFkqPJPmx0rZg=="
    }
  }
}
